// !$*UTF8*$!
{
	archiveVersion = 1;
	classes = {
	};
	objectVersion = 56;
	objects = {

/* Begin PBXBuildFile section */
		6726813B29ABDBAC00E2CDE9 /* Controller.swift in Sources */ = {isa = PBXBuildFile; fileRef = 6726813A29ABDBAC00E2CDE9 /* Controller.swift */; };
		6726813D29ABDC7C00E2CDE9 /* QuizBrain.swift in Sources */ = {isa = PBXBuildFile; fileRef = 6726813C29ABDC7C00E2CDE9 /* QuizBrain.swift */; };
		67A735CC29AD161700827501 /* Question.swift in Sources */ = {isa = PBXBuildFile; fileRef = 67A735CB29AD161700827501 /* Question.swift */; };
		67CBE6D229A2CA920072828B /* AppDelegate.swift in Sources */ = {isa = PBXBuildFile; fileRef = 67CBE6D129A2CA920072828B /* AppDelegate.swift */; };
		67CBE6D429A2CA920072828B /* SceneDelegate.swift in Sources */ = {isa = PBXBuildFile; fileRef = 67CBE6D329A2CA920072828B /* SceneDelegate.swift */; };
		67CBE6D629A2CA920072828B /* ViewController.swift in Sources */ = {isa = PBXBuildFile; fileRef = 67CBE6D529A2CA920072828B /* ViewController.swift */; };
		67CBE6DB29A2CA930072828B /* Assets.xcassets in Resources */ = {isa = PBXBuildFile; fileRef = 67CBE6DA29A2CA930072828B /* Assets.xcassets */; };
		67CBE6DE29A2CA930072828B /* LaunchScreen.storyboard in Resources */ = {isa = PBXBuildFile; fileRef = 67CBE6DC29A2CA930072828B /* LaunchScreen.storyboard */; };
/* End PBXBuildFile section */

/* Begin PBXFileReference section */
		6726813A29ABDBAC00E2CDE9 /* Controller.swift */ = {isa = PBXFileReference; lastKnownFileType = sourcecode.swift; path = Controller.swift; sourceTree = "<group>"; };
		6726813C29ABDC7C00E2CDE9 /* QuizBrain.swift */ = {isa = PBXFileReference; lastKnownFileType = sourcecode.swift; path = QuizBrain.swift; sourceTree = "<group>"; };
		67A735CB29AD161700827501 /* Question.swift */ = {isa = PBXFileReference; lastKnownFileType = sourcecode.swift; path = Question.swift; sourceTree = "<group>"; };
		67CBE6CE29A2CA920072828B /* Quizz-ios13.app */ = {isa = PBXFileReference; explicitFileType = wrapper.application; includeInIndex = 0; path = "Quizz-ios13.app"; sourceTree = BUILT_PRODUCTS_DIR; };
		67CBE6D129A2CA920072828B /* AppDelegate.swift */ = {isa = PBXFileReference; lastKnownFileType = sourcecode.swift; path = AppDelegate.swift; sourceTree = "<group>"; };
		67CBE6D329A2CA920072828B /* SceneDelegate.swift */ = {isa = PBXFileReference; lastKnownFileType = sourcecode.swift; path = SceneDelegate.swift; sourceTree = "<group>"; };
		67CBE6D529A2CA920072828B /* ViewController.swift */ = {isa = PBXFileReference; lastKnownFileType = sourcecode.swift; path = ViewController.swift; sourceTree = "<group>"; };
		67CBE6DA29A2CA930072828B /* Assets.xcassets */ = {isa = PBXFileReference; lastKnownFileType = folder.assetcatalog; path = Assets.xcassets; sourceTree = "<group>"; };
		67CBE6DD29A2CA930072828B /* Base */ = {isa = PBXFileReference; lastKnownFileType = file.storyboard; name = Base; path = Base.lproj/LaunchScreen.storyboard; sourceTree = "<group>"; };
		67CBE6DF29A2CA930072828B /* Info.plist */ = {isa = PBXFileReference; lastKnownFileType = text.plist.xml; path = Info.plist; sourceTree = "<group>"; };
/* End PBXFileReference section */

/* Begin PBXFrameworksBuildPhase section */
		67CBE6CB29A2CA920072828B /* Frameworks */ = {
			isa = PBXFrameworksBuildPhase;
			buildActionMask = 2147483647;
			files = (
			);
			runOnlyForDeploymentPostprocessing = 0;
		};
/* End PBXFrameworksBuildPhase section */

/* Begin PBXGroup section */
		6726813629ABDB6E00E2CDE9 /* Model */ = {
			isa = PBXGroup;
			children = (
				67A735CB29AD161700827501 /* Question.swift */,
				6726813C29ABDC7C00E2CDE9 /* QuizBrain.swift */,
			);
			path = Model;
			sourceTree = "<group>";
		};
		6726813829ABDB7E00E2CDE9 /* View */ = {
			isa = PBXGroup;
			children = (
				67CBE6D529A2CA920072828B /* ViewController.swift */,
			);
			path = View;
			sourceTree = "<group>";
		};
		6726813929ABDB9600E2CDE9 /* Controller */ = {
			isa = PBXGroup;
			children = (
				6726813A29ABDBAC00E2CDE9 /* Controller.swift */,
			);
			path = Controller;
			sourceTree = "<group>";
		};
		67CBE6C529A2CA920072828B = {
			isa = PBXGroup;
			children = (
				67CBE6D029A2CA920072828B /* Quizz-ios13 */,
				67CBE6CF29A2CA920072828B /* Products */,
			);
			sourceTree = "<group>";
		};
		67CBE6CF29A2CA920072828B /* Products */ = {
			isa = PBXGroup;
			children = (
				67CBE6CE29A2CA920072828B /* Quizz-ios13.app */,
			);
			name = Products;
			sourceTree = "<group>";
		};
		67CBE6D029A2CA920072828B /* Quizz-ios13 */ = {
			isa = PBXGroup;
			children = (
				67CBE6D129A2CA920072828B /* AppDelegate.swift */,
				67CBE6D329A2CA920072828B /* SceneDelegate.swift */,
				6726813929ABDB9600E2CDE9 /* Controller */,
				6726813829ABDB7E00E2CDE9 /* View */,
				6726813629ABDB6E00E2CDE9 /* Model */,
				67CBE6DA29A2CA930072828B /* Assets.xcassets */,
				67CBE6DC29A2CA930072828B /* LaunchScreen.storyboard */,
				67CBE6DF29A2CA930072828B /* Info.plist */,
			);
			path = "Quizz-ios13";
			sourceTree = "<group>";
		};
/* End PBXGroup section */

/* Begin PBXNativeTarget section */
		67CBE6CD29A2CA920072828B /* Quizz-ios13 */ = {
			isa = PBXNativeTarget;
			buildConfigurationList = 67CBE6E229A2CA930072828B /* Build configuration list for PBXNativeTarget "Quizz-ios13" */;
			buildPhases = (
				67CBE6CA29A2CA920072828B /* Sources */,
				67CBE6CB29A2CA920072828B /* Frameworks */,
				67CBE6CC29A2CA920072828B /* Resources */,
			);
			buildRules = (
			);
			dependencies = (
			);
			name = "Quizz-ios13";
			productName = "Quizz-ios13";
			productReference = 67CBE6CE29A2CA920072828B /* Quizz-ios13.app */;
			productType = "com.apple.product-type.application";
		};
/* End PBXNativeTarget section */

/* Begin PBXProject section */
		67CBE6C629A2CA920072828B /* Project object */ = {
			isa = PBXProject;
			attributes = {
				BuildIndependentTargetsInParallel = 1;
				LastSwiftUpdateCheck = 1400;
				LastUpgradeCheck = 1400;
				TargetAttributes = {
					67CBE6CD29A2CA920072828B = {
						CreatedOnToolsVersion = 14.0.1;
					};
				};
			};
			buildConfigurationList = 67CBE6C929A2CA920072828B /* Build configuration list for PBXProject "Quizz-ios13" */;
			compatibilityVersion = "Xcode 14.0";
			developmentRegion = en;
			hasScannedForEncodings = 0;
			knownRegions = (
				en,
				Base,
			);
			mainGroup = 67CBE6C529A2CA920072828B;
			productRefGroup = 67CBE6CF29A2CA920072828B /* Products */;
			projectDirPath = "";
			projectRoot = "";
			targets = (
				67CBE6CD29A2CA920072828B /* Quizz-ios13 */,
			);
		};
/* End PBXProject section */

/* Begin PBXResourcesBuildPhase section */
		67CBE6CC29A2CA920072828B /* Resources */ = {
			isa = PBXResourcesBuildPhase;
			buildActionMask = 2147483647;
			files = (
				67CBE6DE29A2CA930072828B /* LaunchScreen.storyboard in Resources */,
				67CBE6DB29A2CA930072828B /* Assets.xcassets in Resources */,
			);
			runOnlyForDeploymentPostprocessing = 0;
		};
/* End PBXResourcesBuildPhase section */

/* Begin PBXSourcesBuildPhase section */
		67CBE6CA29A2CA920072828B /* Sources */ = {
			isa = PBXSourcesBuildPhase;
			buildActionMask = 2147483647;
			files = (
				6726813B29ABDBAC00E2CDE9 /* Controller.swift in Sources */,
				67CBE6D629A2CA920072828B /* ViewController.swift in Sources */,
				6726813D29ABDC7C00E2CDE9 /* QuizBrain.swift in Sources */,
				67A735CC29AD161700827501 /* Question.swift in Sources */,
				67CBE6D229A2CA920072828B /* AppDelegate.swift in Sources */,
				67CBE6D429A2CA920072828B /* SceneDelegate.swift in Sources */,
			);
			runOnlyForDeploymentPostprocessing = 0;
		};
/* End PBXSourcesBuildPhase section */

/* Begin PBXVariantGroup section */
		67CBE6DC29A2CA930072828B /* LaunchScreen.storyboard */ = {
			isa = PBXVariantGroup;
			children = (
				67CBE6DD29A2CA930072828B /* Base */,
			);
			name = LaunchScreen.storyboard;
			sourceTree = "<group>";
		};
/* End PBXVariantGroup section */

/* Begin XCBuildConfiguration section */
		67CBE6E029A2CA930072828B /* Debug */ = {
			isa = XCBuildConfiguration;
			buildSettings = {
				ALWAYS_SEARCH_USER_PATHS = NO;
				CLANG_ANALYZER_NONNULL = YES;
				CLANG_ANALYZER_NUMBER_OBJECT_CONVERSION = YES_AGGRESSIVE;
				CLANG_CXX_LANGUAGE_STANDARD = "gnu++20";
				CLANG_ENABLE_MODULES = YES;
				CLANG_ENABLE_OBJC_ARC = YES;
				CLANG_ENABLE_OBJC_WEAK = YES;
				CLANG_WARN_BLOCK_CAPTURE_AUTORELEASING = YES;
				CLANG_WARN_BOOL_CONVERSION = YES;
				CLANG_WARN_COMMA = YES;
				CLANG_WARN_CONSTANT_CONVERSION = YES;
				CLANG_WARN_DEPRECATED_OBJC_IMPLEMENTATIONS = YES;
				CLANG_WARN_DIRECT_OBJC_ISA_USAGE = YES_ERROR;
				CLANG_WARN_DOCUMENTATION_COMMENTS = YES;
				CLANG_WARN_EMPTY_BODY = YES;
				CLANG_WARN_ENUM_CONVERSION = YES;
				CLANG_WARN_INFINITE_RECURSION = YES;
				CLANG_WARN_INT_CONVERSION = YES;
				CLANG_WARN_NON_LITERAL_NULL_CONVERSION = YES;
				CLANG_WARN_OBJC_IMPLICIT_RETAIN_SELF = YES;
				CLANG_WARN_OBJC_LITERAL_CONVERSION = YES;
				CLANG_WARN_OBJC_ROOT_CLASS = YES_ERROR;
				CLANG_WARN_QUOTED_INCLUDE_IN_FRAMEWORK_HEADER = YES;
				CLANG_WARN_RANGE_LOOP_ANALYSIS = YES;
				CLANG_WARN_STRICT_PROTOTYPES = YES;
				CLANG_WARN_SUSPICIOUS_MOVE = YES;
				CLANG_WARN_UNGUARDED_AVAILABILITY = YES_AGGRESSIVE;
				CLANG_WARN_UNREACHABLE_CODE = YES;
				CLANG_WARN__DUPLICATE_METHOD_MATCH = YES;
				COPY_PHASE_STRIP = NO;
				DEBUG_INFORMATION_FORMAT = dwarf;
				ENABLE_STRICT_OBJC_MSGSEND = YES;
				ENABLE_TESTABILITY = YES;
				GCC_C_LANGUAGE_STANDARD = gnu11;
				GCC_DYNAMIC_NO_PIC = NO;
				GCC_NO_COMMON_BLOCKS = YES;
				GCC_OPTIMIZATION_LEVEL = 0;
				GCC_PREPROCESSOR_DEFINITIONS = (
					"DEBUG=1",
					"$(inherited)",
				);
				GCC_WARN_64_TO_32_BIT_CONVERSION = YES;
				GCC_WARN_ABOUT_RETURN_TYPE = YES_ERROR;
				GCC_WARN_UNDECLARED_SELECTOR = YES;
				GCC_WARN_UNINITIALIZED_AUTOS = YES_AGGRESSIVE;
				GCC_WARN_UNUSED_FUNCTION = YES;
				GCC_WARN_UNUSED_VARIABLE = YES;
				IPHONEOS_DEPLOYMENT_TARGET = 16.0;
				MTL_ENABLE_DEBUG_INFO = INCLUDE_SOURCE;
				MTL_FAST_MATH = YES;
				ONLY_ACTIVE_ARCH = YES;
				SDKROOT = iphoneos;
				SWIFT_ACTIVE_COMPILATION_CONDITIONS = DEBUG;
				SWIFT_OPTIMIZATION_LEVEL = "-Onone";
			};
			name = Debug;
		};
		67CBE6E129A2CA930072828B /* Release */ = {
			isa = XCBuildConfiguration;
			buildSettings = {
				ALWAYS_SEARCH_USER_PATHS = NO;
				CLANG_ANALYZER_NONNULL = YES;
				CLANG_ANALYZER_NUMBER_OBJECT_CONVERSION = YES_AGGRESSIVE;
				CLANG_CXX_LANGUAGE_STANDARD = "gnu++20";
				CLANG_ENABLE_MODULES = YES;
				CLANG_ENABLE_OBJC_ARC = YES;
				CLANG_ENABLE_OBJC_WEAK = YES;
				CLANG_WARN_BLOCK_CAPTURE_AUTORELEASING = YES;
				CLANG_WARN_BOOL_CONVERSION = YES;
				CLANG_WARN_COMMA = YES;
				CLANG_WARN_CONSTANT_CONVERSION = YES;
				CLANG_WARN_DEPRECATED_OBJC_IMPLEMENTATIONS = YES;
				CLANG_WARN_DIRECT_OBJC_ISA_USAGE = YES_ERROR;
				CLANG_WARN_DOCUMENTATION_COMMENTS = YES;
				CLANG_WARN_EMPTY_BODY = YES;
				CLANG_WARN_ENUM_CONVERSION = YES;
				CLANG_WARN_INFINITE_RECURSION = YES;
				CLANG_WARN_INT_CONVERSION = YES;
				CLANG_WARN_NON_LITERAL_NULL_CONVERSION = YES;
				CLANG_WARN_OBJC_IMPLICIT_RETAIN_SELF = YES;
				CLANG_WARN_OBJC_LITERAL_CONVERSION = YES;
				CLANG_WARN_OBJC_ROOT_CLASS = YES_ERROR;
				CLANG_WARN_QUOTED_INCLUDE_IN_FRAMEWORK_HEADER = YES;
				CLANG_WARN_RANGE_LOOP_ANALYSIS = YES;
				CLANG_WARN_STRICT_PROTOTYPES = YES;
				CLANG_WARN_SUSPICIOUS_MOVE = YES;
				CLANG_WARN_UNGUARDED_AVAILABILITY = YES_AGGRESSIVE;
				CLANG_WARN_UNREACHABLE_CODE = YES;
				CLANG_WARN__DUPLICATE_METHOD_MATCH = YES;
				COPY_PHASE_STRIP = NO;
				DEBUG_INFORMATION_FORMAT = "dwarf-with-dsym";
				ENABLE_NS_ASSERTIONS = NO;
				ENABLE_STRICT_OBJC_MSGSEND = YES;
				GCC_C_LANGUAGE_STANDARD = gnu11;
				GCC_NO_COMMON_BLOCKS = YES;
				GCC_WARN_64_TO_32_BIT_CONVERSION = YES;
				GCC_WARN_ABOUT_RETURN_TYPE = YES_ERROR;
				GCC_WARN_UNDECLARED_SELECTOR = YES;
				GCC_WARN_UNINITIALIZED_AUTOS = YES_AGGRESSIVE;
				GCC_WARN_UNUSED_FUNCTION = YES;
				GCC_WARN_UNUSED_VARIABLE = YES;
				IPHONEOS_DEPLOYMENT_TARGET = 16.0;
				MTL_ENABLE_DEBUG_INFO = NO;
				MTL_FAST_MATH = YES;
				SDKROOT = iphoneos;
				SWIFT_COMPILATION_MODE = wholemodule;
				SWIFT_OPTIMIZATION_LEVEL = "-O";
				VALIDATE_PRODUCT = YES;
			};
			name = Release;
		};
		67CBE6E329A2CA930072828B /* Debug */ = {
			isa = XCBuildConfiguration;
			buildSettings = {
				ASSETCATALOG_COMPILER_APPICON_NAME = AppIcon;
				ASSETCATALOG_COMPILER_GLOBAL_ACCENT_COLOR_NAME = AccentColor;
				CODE_SIGN_STYLE = Automatic;
				CURRENT_PROJECT_VERSION = 1;
				DEVELOPMENT_TEAM = RD3BV5S34P;
				GENERATE_INFOPLIST_FILE = YES;
				INFOPLIST_FILE = "Quizz-ios13/Info.plist";
				INFOPLIST_KEY_UIApplicationSupportsIndirectInputEvents = YES;
				INFOPLIST_KEY_UILaunchStoryboardName = LaunchScreen;
				INFOPLIST_KEY_UISupportedInterfaceOrientations_iPad = "UIInterfaceOrientationPortrait UIInterfaceOrientationPortraitUpsideDown UIInterfaceOrientationLandscapeLeft UIInterfaceOrientationLandscapeRight";
				INFOPLIST_KEY_UISupportedInterfaceOrientations_iPhone = "UIInterfaceOrientationPortrait UIInterfaceOrientationLandscapeLeft UIInterfaceOrientationLandscapeRight";
				IPHONEOS_DEPLOYMENT_TARGET = 13.0;
				LD_RUNPATH_SEARCH_PATHS = (
					"$(inherited)",
					"@executable_path/Frameworks",
				);
				MARKETING_VERSION = 1.0;
				PRODUCT_BUNDLE_IDENTIFIER = "Dylan-Sanders.Quizz-ios13";
				PRODUCT_NAME = "$(TARGET_NAME)";
				SWIFT_EMIT_LOC_STRINGS = YES;
				SWIFT_VERSION = 5.0;
				TARGETED_DEVICE_FAMILY = "1,2";
			};
			name = Debug;
		};
		67CBE6E429A2CA930072828B /* Release */ = {
			isa = XCBuildConfiguration;
			buildSettings = {
				ASSETCATALOG_COMPILER_APPICON_NAME = AppIcon;
				ASSETCATALOG_COMPILER_GLOBAL_ACCENT_COLOR_NAME = AccentColor;
				CODE_SIGN_STYLE = Automatic;
				CURRENT_PROJECT_VERSION = 1;
				DEVELOPMENT_TEAM = RD3BV5S34P;
				GENERATE_INFOPLIST_FILE = YES;
				INFOPLIST_FILE = "Quizz-ios13/Info.plist";
				INFOPLIST_KEY_UIApplicationSupportsIndirectInputEvents = YES;
				INFOPLIST_KEY_UILaunchStoryboardName = LaunchScreen;
				INFOPLIST_KEY_UISupportedInterfaceOrientations_iPad = "UIInterfaceOrientationPortrait UIInterfaceOrientationPortraitUpsideDown UIInterfaceOrientationLandscapeLeft UIInterfaceOrientationLandscapeRight";
				INFOPLIST_KEY_UISupportedInterfaceOrientations_iPhone = "UIInterfaceOrientationPortrait UIInterfaceOrientationLandscapeLeft UIInterfaceOrientationLandscapeRight";
				IPHONEOS_DEPLOYMENT_TARGET = 13.0;
				LD_RUNPATH_SEARCH_PATHS = (
					"$(inherited)",
					"@executable_path/Frameworks",
				);
				MARKETING_VERSION = 1.0;
				PRODUCT_BUNDLE_IDENTIFIER = "Dylan-Sanders.Quizz-ios13";
				PRODUCT_NAME = "$(TARGET_NAME)";
				SWIFT_EMIT_LOC_STRINGS = YES;
				SWIFT_VERSION = 5.0;
				TARGETED_DEVICE_FAMILY = "1,2";
			};
			name = Release;
		};
/* End XCBuildConfiguration section */

/* Begin XCConfigurationList section */
		67CBE6C929A2CA920072828B /* Build configuration list for PBXProject "Quizz-ios13" */ = {
			isa = XCConfigurationList;
			buildConfigurations = (
				67CBE6E029A2CA930072828B /* Debug */,
				67CBE6E129A2CA930072828B /* Release */,
			);
			defaultConfigurationIsVisible = 0;
			defaultConfigurationName = Release;
		};
		67CBE6E229A2CA930072828B /* Build configuration list for PBXNativeTarget "Quizz-ios13" */ = {
			isa = XCConfigurationList;
			buildConfigurations = (
				67CBE6E329A2CA930072828B /* Debug */,
				67CBE6E429A2CA930072828B /* Release */,
			);
			defaultConfigurationIsVisible = 0;
			defaultConfigurationName = Release;
		};
/* End XCConfigurationList section */
	};
	rootObject = 67CBE6C629A2CA920072828B /* Project object */;
}
